
Microsoft Visual Studio Solution File, Format Version 12.00
# Visual Studio Version 17
VisualStudioVersion = 17.9.34728.123
MinimumVisualStudioVersion = 10.0.40219.1
Project("{FAE04EC0-301F-11D3-BF4B-00C04F79EFBC}") = "PilhaNumerosInteiros", "PilhaNumerosInteiros\PilhaNumerosInteiros.csproj", "{8A0CA8FC-4AEE-405C-9709-90915B7B8907}"
EndProject
Global
	GlobalSection(SolutionConfigurationPlatforms) = preSolution
		Debug|Any CPU = Debug|Any CPU
		Release|Any CPU = Release|Any CPU
	EndGlobalSection
	GlobalSection(ProjectConfigurationPlatforms) = postSolution
		{8A0CA8FC-4AEE-405C-9709-90915B7B8907}.Debug|Any CPU.ActiveCfg = Debug|Any CPU
		{8A0CA8FC-4AEE-405C-9709-90915B7B8907}.Debug|Any CPU.Build.0 = Debug|Any CPU
		{8A0CA8FC-4AEE-405C-9709-90915B7B8907}.Release|Any CPU.ActiveCfg = Release|Any CPU
		{8A0CA8FC-4AEE-405C-9709-90915B7B8907}.Release|Any CPU.Build.0 = Release|Any CPU
	EndGlobalSection
	GlobalSection(SolutionProperties) = preSolution
		HideSolutionNode = FALSE
	EndGlobalSection
	GlobalSection(ExtensibilityGlobals) = postSolution
		SolutionGuid = {8FCFB3FD-2300-45EC-B771-22B6CF2375D9}
	EndGlobalSection
EndGlobal
